
Microsoft Visual Studio Solution File, Format Version 12.00
# Visual Studio Version 17
VisualStudioVersion = 17.0.31512.422
MinimumVisualStudioVersion = 10.0.40219.1
Project("{9A19103F-16F7-4668-BE54-9A1E7A4F7556}") = "OrderEcommerce.API", "OrderEcommerce.API\OrderEcommerce.API.csproj", "{203D339C-8603-47CB-844C-FB48FC19E606}"
EndProject
Project("{2150E333-8FDC-42A3-9474-1A3956D46DE8}") = "test", "test", "{A8806309-7949-4501-90A1-9D7AD0C40AC3}"
EndProject
Project("{9A19103F-16F7-4668-BE54-9A1E7A4F7556}") = "OrderEcommerce.Test", "..\..\test\OrderEcommerce.Test\OrderEcommerce.Test.csproj", "{64619C66-0CB2-4494-8CAB-B29CCCA0BDDE}"
EndProject
Project("{FAE04EC0-301F-11D3-BF4B-00C04F79EFBC}") = "OrderEcommerce.Application", "OrderEcommerce.Application\OrderEcommerce.Application.csproj", "{52BB35D3-A931-4846-BFFE-6104B39A0AA7}"
EndProject
Project("{FAE04EC0-301F-11D3-BF4B-00C04F79EFBC}") = "OrderEcommerce.Domain", "OrderEcommerce.Domain\OrderEcommerce.Domain.csproj", "{334EC6A1-2008-42E1-87CB-8EB413C3B319}"
EndProject
Project("{FAE04EC0-301F-11D3-BF4B-00C04F79EFBC}") = "OrderEcommerce.Infra", "OrderEcommerce.Infra\OrderEcommerce.Infra.csproj", "{0F57F4BA-2766-4C9D-9DFB-E27338CAB253}"
EndProject
Global
	GlobalSection(SolutionConfigurationPlatforms) = preSolution
		Debug|Any CPU = Debug|Any CPU
		Release|Any CPU = Release|Any CPU
	EndGlobalSection
	GlobalSection(ProjectConfigurationPlatforms) = postSolution
		{203D339C-8603-47CB-844C-FB48FC19E606}.Debug|Any CPU.ActiveCfg = Debug|Any CPU
		{203D339C-8603-47CB-844C-FB48FC19E606}.Debug|Any CPU.Build.0 = Debug|Any CPU
		{203D339C-8603-47CB-844C-FB48FC19E606}.Release|Any CPU.ActiveCfg = Release|Any CPU
		{203D339C-8603-47CB-844C-FB48FC19E606}.Release|Any CPU.Build.0 = Release|Any CPU
		{64619C66-0CB2-4494-8CAB-B29CCCA0BDDE}.Debug|Any CPU.ActiveCfg = Debug|Any CPU
		{64619C66-0CB2-4494-8CAB-B29CCCA0BDDE}.Debug|Any CPU.Build.0 = Debug|Any CPU
		{64619C66-0CB2-4494-8CAB-B29CCCA0BDDE}.Release|Any CPU.ActiveCfg = Release|Any CPU
		{64619C66-0CB2-4494-8CAB-B29CCCA0BDDE}.Release|Any CPU.Build.0 = Release|Any CPU
		{52BB35D3-A931-4846-BFFE-6104B39A0AA7}.Debug|Any CPU.ActiveCfg = Debug|Any CPU
		{52BB35D3-A931-4846-BFFE-6104B39A0AA7}.Debug|Any CPU.Build.0 = Debug|Any CPU
		{52BB35D3-A931-4846-BFFE-6104B39A0AA7}.Release|Any CPU.ActiveCfg = Release|Any CPU
		{52BB35D3-A931-4846-BFFE-6104B39A0AA7}.Release|Any CPU.Build.0 = Release|Any CPU
		{334EC6A1-2008-42E1-87CB-8EB413C3B319}.Debug|Any CPU.ActiveCfg = Debug|Any CPU
		{334EC6A1-2008-42E1-87CB-8EB413C3B319}.Debug|Any CPU.Build.0 = Debug|Any CPU
		{334EC6A1-2008-42E1-87CB-8EB413C3B319}.Release|Any CPU.ActiveCfg = Release|Any CPU
		{334EC6A1-2008-42E1-87CB-8EB413C3B319}.Release|Any CPU.Build.0 = Release|Any CPU
		{0F57F4BA-2766-4C9D-9DFB-E27338CAB253}.Debug|Any CPU.ActiveCfg = Debug|Any CPU
		{0F57F4BA-2766-4C9D-9DFB-E27338CAB253}.Debug|Any CPU.Build.0 = Debug|Any CPU
		{0F57F4BA-2766-4C9D-9DFB-E27338CAB253}.Release|Any CPU.ActiveCfg = Release|Any CPU
		{0F57F4BA-2766-4C9D-9DFB-E27338CAB253}.Release|Any CPU.Build.0 = Release|Any CPU
	EndGlobalSection
	GlobalSection(SolutionProperties) = preSolution
		HideSolutionNode = FALSE
	EndGlobalSection
	GlobalSection(NestedProjects) = preSolution
		{64619C66-0CB2-4494-8CAB-B29CCCA0BDDE} = {A8806309-7949-4501-90A1-9D7AD0C40AC3}
	EndGlobalSection
	GlobalSection(ExtensibilityGlobals) = postSolution
		SolutionGuid = {4D3E019D-4755-4DDA-ACBD-53C91890E70E}
	EndGlobalSection
EndGlobal
